
Microsoft Visual Studio Solution File, Format Version 12.00
# Visual Studio Version 16
VisualStudioVersion = 16.0.30907.101
MinimumVisualStudioVersion = 10.0.40219.1
Project("{9A19103F-16F7-4668-BE54-9A1E7A4F7556}") = "DotBlog.Server", "DotBlog.Server\DotBlog.Server.csproj", "{F53DB2FE-F6FD-4FA5-99E6-E69925640883}"
EndProject
Project("{9A19103F-16F7-4668-BE54-9A1E7A4F7556}") = "DotBlog.Shared", "DotBlog.Shared\DotBlog.Shared.csproj", "{1A06D8CF-02C5-4CD2-8282-D31D2C27E7E5}"
EndProject
Project("{9A19103F-16F7-4668-BE54-9A1E7A4F7556}") = "DotBlog.Blazor", "DotBlog.Blazor\DotBlog.Blazor.csproj", "{4175CE6E-B898-4A17-A0DD-7C5BFA725EB1}"
EndProject
Global
	GlobalSection(SolutionConfigurationPlatforms) = preSolution
		Debug|Any CPU = Debug|Any CPU
		Release|Any CPU = Release|Any CPU
	EndGlobalSection
	GlobalSection(ProjectConfigurationPlatforms) = postSolution
		{F53DB2FE-F6FD-4FA5-99E6-E69925640883}.Debug|Any CPU.ActiveCfg = Debug|Any CPU
		{F53DB2FE-F6FD-4FA5-99E6-E69925640883}.Debug|Any CPU.Build.0 = Debug|Any CPU
		{F53DB2FE-F6FD-4FA5-99E6-E69925640883}.Release|Any CPU.ActiveCfg = Release|Any CPU
		{F53DB2FE-F6FD-4FA5-99E6-E69925640883}.Release|Any CPU.Build.0 = Release|Any CPU
		{1A06D8CF-02C5-4CD2-8282-D31D2C27E7E5}.Debug|Any CPU.ActiveCfg = Debug|Any CPU
		{1A06D8CF-02C5-4CD2-8282-D31D2C27E7E5}.Debug|Any CPU.Build.0 = Debug|Any CPU
		{1A06D8CF-02C5-4CD2-8282-D31D2C27E7E5}.Release|Any CPU.ActiveCfg = Release|Any CPU
		{1A06D8CF-02C5-4CD2-8282-D31D2C27E7E5}.Release|Any CPU.Build.0 = Release|Any CPU
		{4175CE6E-B898-4A17-A0DD-7C5BFA725EB1}.Debug|Any CPU.ActiveCfg = Debug|Any CPU
		{4175CE6E-B898-4A17-A0DD-7C5BFA725EB1}.Debug|Any CPU.Build.0 = Debug|Any CPU
		{4175CE6E-B898-4A17-A0DD-7C5BFA725EB1}.Release|Any CPU.ActiveCfg = Release|Any CPU
		{4175CE6E-B898-4A17-A0DD-7C5BFA725EB1}.Release|Any CPU.Build.0 = Release|Any CPU
	EndGlobalSection
	GlobalSection(SolutionProperties) = preSolution
		HideSolutionNode = FALSE
	EndGlobalSection
	GlobalSection(ExtensibilityGlobals) = postSolution
		SolutionGuid = {8BE0921A-5BCA-4962-89A7-5735E8883EB2}
	EndGlobalSection
EndGlobal
