
Microsoft Visual Studio Solution File, Format Version 12.00
# Visual Studio Version 17
VisualStudioVersion = 17.1.31911.260
MinimumVisualStudioVersion = 10.0.40219.1
Project("{9A19103F-16F7-4668-BE54-9A1E7A4F7556}") = "DotBlog.Server", "DotBlog.Server\DotBlog.Server.csproj", "{F53DB2FE-F6FD-4FA5-99E6-E69925640883}"
EndProject
Global
	GlobalSection(SolutionConfigurationPlatforms) = preSolution
		Debug|Any CPU = Debug|Any CPU
		Release|Any CPU = Release|Any CPU
	EndGlobalSection
	GlobalSection(ProjectConfigurationPlatforms) = postSolution
		{F53DB2FE-F6FD-4FA5-99E6-E69925640883}.Debug|Any CPU.ActiveCfg = Debug|Any CPU
		{F53DB2FE-F6FD-4FA5-99E6-E69925640883}.Debug|Any CPU.Build.0 = Debug|Any CPU
		{F53DB2FE-F6FD-4FA5-99E6-E69925640883}.Release|Any CPU.ActiveCfg = Release|Any CPU
		{F53DB2FE-F6FD-4FA5-99E6-E69925640883}.Release|Any CPU.Build.0 = Release|Any CPU
	EndGlobalSection
	GlobalSection(SolutionProperties) = preSolution
		HideSolutionNode = FALSE
	EndGlobalSection
	GlobalSection(ExtensibilityGlobals) = postSolution
		SolutionGuid = {8BE0921A-5BCA-4962-89A7-5735E8883EB2}
	EndGlobalSection
EndGlobal
